// !$*UTF8*$!
{
	archiveVersion = 1;
	classes = {
	};
	objectVersion = 56;
	objects = {

/* Begin PBXBuildFile section */
		4A08E2422C15F641004DF2E8 /* AppDelegate.swift in Sources */ = {isa = PBXBuildFile; fileRef = 4A08E2412C15F641004DF2E8 /* AppDelegate.swift */; };
		4A08E2442C15F641004DF2E8 /* SceneDelegate.swift in Sources */ = {isa = PBXBuildFile; fileRef = 4A08E2432C15F641004DF2E8 /* SceneDelegate.swift */; };
		4A08E2462C15F641004DF2E8 /* RMTabBarViewController.swift in Sources */ = {isa = PBXBuildFile; fileRef = 4A08E2452C15F641004DF2E8 /* RMTabBarViewController.swift */; };
		4A08E24B2C15F643004DF2E8 /* Assets.xcassets in Resources */ = {isa = PBXBuildFile; fileRef = 4A08E24A2C15F643004DF2E8 /* Assets.xcassets */; };
		4A08E24E2C15F643004DF2E8 /* Base in Resources */ = {isa = PBXBuildFile; fileRef = 4A08E24D2C15F643004DF2E8 /* Base */; };
		4A08E25D2C15F8A8004DF2E8 /* RMLocation.swift in Sources */ = {isa = PBXBuildFile; fileRef = 4A08E25C2C15F8A8004DF2E8 /* RMLocation.swift */; };
		4A08E25F2C15F8CA004DF2E8 /* RMCharacter.swift in Sources */ = {isa = PBXBuildFile; fileRef = 4A08E25E2C15F8CA004DF2E8 /* RMCharacter.swift */; };
		4A08E2622C15F8DB004DF2E8 /* RMEpisode.swift in Sources */ = {isa = PBXBuildFile; fileRef = 4A08E2612C15F8DB004DF2E8 /* RMEpisode.swift */; };
		4A08E2662C15F9C2004DF2E8 /* RMCharacterViewController.swift in Sources */ = {isa = PBXBuildFile; fileRef = 4A08E2652C15F9C2004DF2E8 /* RMCharacterViewController.swift */; };
		4A08E2682C15F9DE004DF2E8 /* RMLocationViewController.swift in Sources */ = {isa = PBXBuildFile; fileRef = 4A08E2672C15F9DE004DF2E8 /* RMLocationViewController.swift */; };
		4A08E26A2C15F9F2004DF2E8 /* RMEpisodeViewController.swift in Sources */ = {isa = PBXBuildFile; fileRef = 4A08E2692C15F9F2004DF2E8 /* RMEpisodeViewController.swift */; };
		4A08E26C2C15FB06004DF2E8 /* RMSettingsViewController.swift in Sources */ = {isa = PBXBuildFile; fileRef = 4A08E26B2C15FB06004DF2E8 /* RMSettingsViewController.swift */; };
		4A08E26E2C16129F004DF2E8 /* RMService.swift in Sources */ = {isa = PBXBuildFile; fileRef = 4A08E26D2C16129F004DF2E8 /* RMService.swift */; };
		4A08E2702C1612AF004DF2E8 /* RMRequest.swift in Sources */ = {isa = PBXBuildFile; fileRef = 4A08E26F2C1612AF004DF2E8 /* RMRequest.swift */; };
		4A08E2722C162B3E004DF2E8 /* RMEndPoint.swift in Sources */ = {isa = PBXBuildFile; fileRef = 4A08E2712C162B3E004DF2E8 /* RMEndPoint.swift */; };
		4A22F82A2C1C011F006D7D75 /* RMCharacterCollectionViewCell.swift in Sources */ = {isa = PBXBuildFile; fileRef = 4A22F8292C1C011F006D7D75 /* RMCharacterCollectionViewCell.swift */; };
		4A22F82C2C1C049F006D7D75 /* RMCharacterCollectionViewCellViewModel.swift in Sources */ = {isa = PBXBuildFile; fileRef = 4A22F82B2C1C049F006D7D75 /* RMCharacterCollectionViewCellViewModel.swift */; };
		4A5762B22C1A4ACF000A7131 /* RMGetAllCharactersResponse.swift in Sources */ = {isa = PBXBuildFile; fileRef = 4A5762B12C1A4ACF000A7131 /* RMGetAllCharactersResponse.swift */; };
		4A74BFCC2C1B5E3700D67580 /* CharacterListViewViewModel.swift in Sources */ = {isa = PBXBuildFile; fileRef = 4A74BFCB2C1B5E3700D67580 /* CharacterListViewViewModel.swift */; };
		4A74BFCE2C1B5E8B00D67580 /* CharacterListView.swift in Sources */ = {isa = PBXBuildFile; fileRef = 4A74BFCD2C1B5E8B00D67580 /* CharacterListView.swift */; };
		4A74BFD02C1B631000D67580 /* Extensions.swift in Sources */ = {isa = PBXBuildFile; fileRef = 4A74BFCF2C1B631000D67580 /* Extensions.swift */; };
		4A9B02652C17A8A8006D388C /* RMOrign.swift in Sources */ = {isa = PBXBuildFile; fileRef = 4A9B02642C17A8A8006D388C /* RMOrign.swift */; };
		4A9B02672C17AC4E006D388C /* RMSingleLocation.swift in Sources */ = {isa = PBXBuildFile; fileRef = 4A9B02662C17AC4E006D388C /* RMSingleLocation.swift */; };
		4A9B02692C17AD06006D388C /* RMCharacterStatus.swift in Sources */ = {isa = PBXBuildFile; fileRef = 4A9B02682C17AD06006D388C /* RMCharacterStatus.swift */; };
		4A9B026B2C17AD2C006D388C /* RMCharacterGender.swift in Sources */ = {isa = PBXBuildFile; fileRef = 4A9B026A2C17AD2C006D388C /* RMCharacterGender.swift */; };
/* End PBXBuildFile section */

/* Begin PBXFileReference section */
		4A08E23E2C15F641004DF2E8 /* RickAndMorty.app */ = {isa = PBXFileReference; explicitFileType = wrapper.application; includeInIndex = 0; path = RickAndMorty.app; sourceTree = BUILT_PRODUCTS_DIR; };
		4A08E2412C15F641004DF2E8 /* AppDelegate.swift */ = {isa = PBXFileReference; lastKnownFileType = sourcecode.swift; path = AppDelegate.swift; sourceTree = "<group>"; };
		4A08E2432C15F641004DF2E8 /* SceneDelegate.swift */ = {isa = PBXFileReference; lastKnownFileType = sourcecode.swift; path = SceneDelegate.swift; sourceTree = "<group>"; };
		4A08E2452C15F641004DF2E8 /* RMTabBarViewController.swift */ = {isa = PBXFileReference; lastKnownFileType = sourcecode.swift; path = RMTabBarViewController.swift; sourceTree = "<group>"; };
		4A08E24A2C15F643004DF2E8 /* Assets.xcassets */ = {isa = PBXFileReference; lastKnownFileType = folder.assetcatalog; path = Assets.xcassets; sourceTree = "<group>"; };
		4A08E24D2C15F643004DF2E8 /* Base */ = {isa = PBXFileReference; lastKnownFileType = file.storyboard; name = Base; path = Base.lproj/LaunchScreen.storyboard; sourceTree = "<group>"; };
		4A08E24F2C15F643004DF2E8 /* Info.plist */ = {isa = PBXFileReference; lastKnownFileType = text.plist.xml; path = Info.plist; sourceTree = "<group>"; };
		4A08E25C2C15F8A8004DF2E8 /* RMLocation.swift */ = {isa = PBXFileReference; lastKnownFileType = sourcecode.swift; path = RMLocation.swift; sourceTree = "<group>"; };
		4A08E25E2C15F8CA004DF2E8 /* RMCharacter.swift */ = {isa = PBXFileReference; lastKnownFileType = sourcecode.swift; path = RMCharacter.swift; sourceTree = "<group>"; };
		4A08E2612C15F8DB004DF2E8 /* RMEpisode.swift */ = {isa = PBXFileReference; lastKnownFileType = sourcecode.swift; path = RMEpisode.swift; sourceTree = "<group>"; };
		4A08E2652C15F9C2004DF2E8 /* RMCharacterViewController.swift */ = {isa = PBXFileReference; lastKnownFileType = sourcecode.swift; path = RMCharacterViewController.swift; sourceTree = "<group>"; };
		4A08E2672C15F9DE004DF2E8 /* RMLocationViewController.swift */ = {isa = PBXFileReference; lastKnownFileType = sourcecode.swift; path = RMLocationViewController.swift; sourceTree = "<group>"; };
		4A08E2692C15F9F2004DF2E8 /* RMEpisodeViewController.swift */ = {isa = PBXFileReference; lastKnownFileType = sourcecode.swift; path = RMEpisodeViewController.swift; sourceTree = "<group>"; };
		4A08E26B2C15FB06004DF2E8 /* RMSettingsViewController.swift */ = {isa = PBXFileReference; lastKnownFileType = sourcecode.swift; path = RMSettingsViewController.swift; sourceTree = "<group>"; };
		4A08E26D2C16129F004DF2E8 /* RMService.swift */ = {isa = PBXFileReference; lastKnownFileType = sourcecode.swift; path = RMService.swift; sourceTree = "<group>"; };
		4A08E26F2C1612AF004DF2E8 /* RMRequest.swift */ = {isa = PBXFileReference; lastKnownFileType = sourcecode.swift; path = RMRequest.swift; sourceTree = "<group>"; };
		4A08E2712C162B3E004DF2E8 /* RMEndPoint.swift */ = {isa = PBXFileReference; lastKnownFileType = sourcecode.swift; path = RMEndPoint.swift; sourceTree = "<group>"; };
		4A22F8292C1C011F006D7D75 /* RMCharacterCollectionViewCell.swift */ = {isa = PBXFileReference; lastKnownFileType = sourcecode.swift; path = RMCharacterCollectionViewCell.swift; sourceTree = "<group>"; };
		4A22F82B2C1C049F006D7D75 /* RMCharacterCollectionViewCellViewModel.swift */ = {isa = PBXFileReference; lastKnownFileType = sourcecode.swift; path = RMCharacterCollectionViewCellViewModel.swift; sourceTree = "<group>"; };
		4A5762B12C1A4ACF000A7131 /* RMGetAllCharactersResponse.swift */ = {isa = PBXFileReference; lastKnownFileType = sourcecode.swift; path = RMGetAllCharactersResponse.swift; sourceTree = "<group>"; };
		4A74BFCB2C1B5E3700D67580 /* CharacterListViewViewModel.swift */ = {isa = PBXFileReference; lastKnownFileType = sourcecode.swift; path = CharacterListViewViewModel.swift; sourceTree = "<group>"; };
		4A74BFCD2C1B5E8B00D67580 /* CharacterListView.swift */ = {isa = PBXFileReference; lastKnownFileType = sourcecode.swift; path = CharacterListView.swift; sourceTree = "<group>"; };
		4A74BFCF2C1B631000D67580 /* Extensions.swift */ = {isa = PBXFileReference; lastKnownFileType = sourcecode.swift; path = Extensions.swift; sourceTree = "<group>"; };
		4A9B02642C17A8A8006D388C /* RMOrign.swift */ = {isa = PBXFileReference; lastKnownFileType = sourcecode.swift; path = RMOrign.swift; sourceTree = "<group>"; };
		4A9B02662C17AC4E006D388C /* RMSingleLocation.swift */ = {isa = PBXFileReference; lastKnownFileType = sourcecode.swift; path = RMSingleLocation.swift; sourceTree = "<group>"; };
		4A9B02682C17AD06006D388C /* RMCharacterStatus.swift */ = {isa = PBXFileReference; lastKnownFileType = sourcecode.swift; path = RMCharacterStatus.swift; sourceTree = "<group>"; };
		4A9B026A2C17AD2C006D388C /* RMCharacterGender.swift */ = {isa = PBXFileReference; lastKnownFileType = sourcecode.swift; path = RMCharacterGender.swift; sourceTree = "<group>"; };
/* End PBXFileReference section */

/* Begin PBXFrameworksBuildPhase section */
		4A08E23B2C15F641004DF2E8 /* Frameworks */ = {
			isa = PBXFrameworksBuildPhase;
			buildActionMask = 2147483647;
			files = (
			);
			runOnlyForDeploymentPostprocessing = 0;
		};
/* End PBXFrameworksBuildPhase section */

/* Begin PBXGroup section */
		4A08E2352C15F641004DF2E8 = {
			isa = PBXGroup;
			children = (
				4A08E2402C15F641004DF2E8 /* RickAndMorty */,
				4A08E23F2C15F641004DF2E8 /* Products */,
			);
			sourceTree = "<group>";
		};
		4A08E23F2C15F641004DF2E8 /* Products */ = {
			isa = PBXGroup;
			children = (
				4A08E23E2C15F641004DF2E8 /* RickAndMorty.app */,
			);
			name = Products;
			sourceTree = "<group>";
		};
		4A08E2402C15F641004DF2E8 /* RickAndMorty */ = {
			isa = PBXGroup;
			children = (
				4A08E2552C15F7F3004DF2E8 /* Controllers */,
				4A08E2562C15F7FF004DF2E8 /* Models */,
				4A08E2572C15F805004DF2E8 /* Views */,
				4A08E2582C15F80D004DF2E8 /* ViewModels */,
				4A08E2592C15F814004DF2E8 /* Managers */,
				4A08E25A2C15F81B004DF2E8 /* APIClient */,
				4A08E25B2C15F823004DF2E8 /* Resourcers */,
				4A08E24F2C15F643004DF2E8 /* Info.plist */,
			);
			path = RickAndMorty;
			sourceTree = "<group>";
		};
		4A08E2552C15F7F3004DF2E8 /* Controllers */ = {
			isa = PBXGroup;
			children = (
				4A08E2632C15F968004DF2E8 /* Core */,
				4A08E2452C15F641004DF2E8 /* RMTabBarViewController.swift */,
			);
			path = Controllers;
			sourceTree = "<group>";
		};
		4A08E2562C15F7FF004DF2E8 /* Models */ = {
			isa = PBXGroup;
			children = (
				4A5762B02C1A4AAB000A7131 /* APIResponseTypes */,
				4A5762AF2C1A4A6A000A7131 /* DataTypes */,
			);
			path = Models;
			sourceTree = "<group>";
		};
		4A08E2572C15F805004DF2E8 /* Views */ = {
			isa = PBXGroup;
			children = (
				4A74BFCD2C1B5E8B00D67580 /* CharacterListView.swift */,
				4A22F8292C1C011F006D7D75 /* RMCharacterCollectionViewCell.swift */,
			);
			path = Views;
			sourceTree = "<group>";
		};
		4A08E2582C15F80D004DF2E8 /* ViewModels */ = {
			isa = PBXGroup;
			children = (
				4A74BFCB2C1B5E3700D67580 /* CharacterListViewViewModel.swift */,
				4A22F82B2C1C049F006D7D75 /* RMCharacterCollectionViewCellViewModel.swift */,
			);
			path = ViewModels;
			sourceTree = "<group>";
		};
		4A08E2592C15F814004DF2E8 /* Managers */ = {
			isa = PBXGroup;
			children = (
			);
			path = Managers;
			sourceTree = "<group>";
		};
		4A08E25A2C15F81B004DF2E8 /* APIClient */ = {
			isa = PBXGroup;
			children = (
				4A08E26D2C16129F004DF2E8 /* RMService.swift */,
				4A08E26F2C1612AF004DF2E8 /* RMRequest.swift */,
				4A08E2712C162B3E004DF2E8 /* RMEndPoint.swift */,
			);
			path = APIClient;
			sourceTree = "<group>";
		};
		4A08E25B2C15F823004DF2E8 /* Resourcers */ = {
			isa = PBXGroup;
			children = (
				4A08E24A2C15F643004DF2E8 /* Assets.xcassets */,
				4A08E24C2C15F643004DF2E8 /* LaunchScreen.storyboard */,
				4A08E2412C15F641004DF2E8 /* AppDelegate.swift */,
				4A08E2432C15F641004DF2E8 /* SceneDelegate.swift */,
				4A74BFCF2C1B631000D67580 /* Extensions.swift */,
			);
			path = Resourcers;
			sourceTree = "<group>";
		};
		4A08E2632C15F968004DF2E8 /* Core */ = {
			isa = PBXGroup;
			children = (
				4A08E2652C15F9C2004DF2E8 /* RMCharacterViewController.swift */,
				4A08E2672C15F9DE004DF2E8 /* RMLocationViewController.swift */,
				4A08E2692C15F9F2004DF2E8 /* RMEpisodeViewController.swift */,
				4A08E26B2C15FB06004DF2E8 /* RMSettingsViewController.swift */,
			);
			path = Core;
			sourceTree = "<group>";
		};
		4A5762AF2C1A4A6A000A7131 /* DataTypes */ = {
			isa = PBXGroup;
			children = (
				4A08E25E2C15F8CA004DF2E8 /* RMCharacter.swift */,
				4A08E2612C15F8DB004DF2E8 /* RMEpisode.swift */,
				4A9B02642C17A8A8006D388C /* RMOrign.swift */,
				4A9B02662C17AC4E006D388C /* RMSingleLocation.swift */,
				4A9B02682C17AD06006D388C /* RMCharacterStatus.swift */,
				4A9B026A2C17AD2C006D388C /* RMCharacterGender.swift */,
				4A08E25C2C15F8A8004DF2E8 /* RMLocation.swift */,
			);
			path = DataTypes;
			sourceTree = "<group>";
		};
		4A5762B02C1A4AAB000A7131 /* APIResponseTypes */ = {
			isa = PBXGroup;
			children = (
				4A5762B12C1A4ACF000A7131 /* RMGetAllCharactersResponse.swift */,
			);
			path = APIResponseTypes;
			sourceTree = "<group>";
		};
/* End PBXGroup section */

/* Begin PBXNativeTarget section */
		4A08E23D2C15F641004DF2E8 /* RickAndMorty */ = {
			isa = PBXNativeTarget;
			buildConfigurationList = 4A08E2522C15F643004DF2E8 /* Build configuration list for PBXNativeTarget "RickAndMorty" */;
			buildPhases = (
				4A08E23A2C15F641004DF2E8 /* Sources */,
				4A08E23B2C15F641004DF2E8 /* Frameworks */,
				4A08E23C2C15F641004DF2E8 /* Resources */,
			);
			buildRules = (
			);
			dependencies = (
			);
			name = RickAndMorty;
			productName = RickAndMorty;
			productReference = 4A08E23E2C15F641004DF2E8 /* RickAndMorty.app */;
			productType = "com.apple.product-type.application";
		};
/* End PBXNativeTarget section */

/* Begin PBXProject section */
		4A08E2362C15F641004DF2E8 /* Project object */ = {
			isa = PBXProject;
			attributes = {
				BuildIndependentTargetsInParallel = 1;
				LastSwiftUpdateCheck = 1540;
				LastUpgradeCheck = 1540;
				TargetAttributes = {
					4A08E23D2C15F641004DF2E8 = {
						CreatedOnToolsVersion = 15.4;
					};
				};
			};
			buildConfigurationList = 4A08E2392C15F641004DF2E8 /* Build configuration list for PBXProject "RickAndMorty" */;
			compatibilityVersion = "Xcode 14.0";
			developmentRegion = en;
			hasScannedForEncodings = 0;
			knownRegions = (
				en,
				Base,
			);
			mainGroup = 4A08E2352C15F641004DF2E8;
			productRefGroup = 4A08E23F2C15F641004DF2E8 /* Products */;
			projectDirPath = "";
			projectRoot = "";
			targets = (
				4A08E23D2C15F641004DF2E8 /* RickAndMorty */,
			);
		};
/* End PBXProject section */

/* Begin PBXResourcesBuildPhase section */
		4A08E23C2C15F641004DF2E8 /* Resources */ = {
			isa = PBXResourcesBuildPhase;
			buildActionMask = 2147483647;
			files = (
				4A08E24B2C15F643004DF2E8 /* Assets.xcassets in Resources */,
				4A08E24E2C15F643004DF2E8 /* Base in Resources */,
			);
			runOnlyForDeploymentPostprocessing = 0;
		};
/* End PBXResourcesBuildPhase section */

/* Begin PBXSourcesBuildPhase section */
		4A08E23A2C15F641004DF2E8 /* Sources */ = {
			isa = PBXSourcesBuildPhase;
			buildActionMask = 2147483647;
			files = (
				4A08E2682C15F9DE004DF2E8 /* RMLocationViewController.swift in Sources */,
				4A9B02672C17AC4E006D388C /* RMSingleLocation.swift in Sources */,
				4A74BFCE2C1B5E8B00D67580 /* CharacterListView.swift in Sources */,
				4A9B02692C17AD06006D388C /* RMCharacterStatus.swift in Sources */,
				4A9B026B2C17AD2C006D388C /* RMCharacterGender.swift in Sources */,
				4A08E26C2C15FB06004DF2E8 /* RMSettingsViewController.swift in Sources */,
				4A5762B22C1A4ACF000A7131 /* RMGetAllCharactersResponse.swift in Sources */,
				4A08E2622C15F8DB004DF2E8 /* RMEpisode.swift in Sources */,
				4A08E2462C15F641004DF2E8 /* RMTabBarViewController.swift in Sources */,
				4A22F82A2C1C011F006D7D75 /* RMCharacterCollectionViewCell.swift in Sources */,
				4A08E26A2C15F9F2004DF2E8 /* RMEpisodeViewController.swift in Sources */,
				4A08E2422C15F641004DF2E8 /* AppDelegate.swift in Sources */,
				4A08E25D2C15F8A8004DF2E8 /* RMLocation.swift in Sources */,
				4A08E2722C162B3E004DF2E8 /* RMEndPoint.swift in Sources */,
				4A74BFD02C1B631000D67580 /* Extensions.swift in Sources */,
				4A08E26E2C16129F004DF2E8 /* RMService.swift in Sources */,
				4A08E2442C15F641004DF2E8 /* SceneDelegate.swift in Sources */,
				4A9B02652C17A8A8006D388C /* RMOrign.swift in Sources */,
				4A08E25F2C15F8CA004DF2E8 /* RMCharacter.swift in Sources */,
				4A22F82C2C1C049F006D7D75 /* RMCharacterCollectionViewCellViewModel.swift in Sources */,
				4A08E2702C1612AF004DF2E8 /* RMRequest.swift in Sources */,
				4A74BFCC2C1B5E3700D67580 /* CharacterListViewViewModel.swift in Sources */,
				4A08E2662C15F9C2004DF2E8 /* RMCharacterViewController.swift in Sources */,
			);
			runOnlyForDeploymentPostprocessing = 0;
		};
/* End PBXSourcesBuildPhase section */

/* Begin PBXVariantGroup section */
		4A08E24C2C15F643004DF2E8 /* LaunchScreen.storyboard */ = {
			isa = PBXVariantGroup;
			children = (
				4A08E24D2C15F643004DF2E8 /* Base */,
			);
			name = LaunchScreen.storyboard;
			sourceTree = "<group>";
		};
/* End PBXVariantGroup section */

/* Begin XCBuildConfiguration section */
		4A08E2502C15F643004DF2E8 /* Debug */ = {
			isa = XCBuildConfiguration;
			buildSettings = {
				ALWAYS_SEARCH_USER_PATHS = NO;
				ASSETCATALOG_COMPILER_GENERATE_SWIFT_ASSET_SYMBOL_EXTENSIONS = YES;
				CLANG_ANALYZER_NONNULL = YES;
				CLANG_ANALYZER_NUMBER_OBJECT_CONVERSION = YES_AGGRESSIVE;
				CLANG_CXX_LANGUAGE_STANDARD = "gnu++20";
				CLANG_ENABLE_MODULES = YES;
				CLANG_ENABLE_OBJC_ARC = YES;
				CLANG_ENABLE_OBJC_WEAK = YES;
				CLANG_WARN_BLOCK_CAPTURE_AUTORELEASING = YES;
				CLANG_WARN_BOOL_CONVERSION = YES;
				CLANG_WARN_COMMA = YES;
				CLANG_WARN_CONSTANT_CONVERSION = YES;
				CLANG_WARN_DEPRECATED_OBJC_IMPLEMENTATIONS = YES;
				CLANG_WARN_DIRECT_OBJC_ISA_USAGE = YES_ERROR;
				CLANG_WARN_DOCUMENTATION_COMMENTS = YES;
				CLANG_WARN_EMPTY_BODY = YES;
				CLANG_WARN_ENUM_CONVERSION = YES;
				CLANG_WARN_INFINITE_RECURSION = YES;
				CLANG_WARN_INT_CONVERSION = YES;
				CLANG_WARN_NON_LITERAL_NULL_CONVERSION = YES;
				CLANG_WARN_OBJC_IMPLICIT_RETAIN_SELF = YES;
				CLANG_WARN_OBJC_LITERAL_CONVERSION = YES;
				CLANG_WARN_OBJC_ROOT_CLASS = YES_ERROR;
				CLANG_WARN_QUOTED_INCLUDE_IN_FRAMEWORK_HEADER = YES;
				CLANG_WARN_RANGE_LOOP_ANALYSIS = YES;
				CLANG_WARN_STRICT_PROTOTYPES = YES;
				CLANG_WARN_SUSPICIOUS_MOVE = YES;
				CLANG_WARN_UNGUARDED_AVAILABILITY = YES_AGGRESSIVE;
				CLANG_WARN_UNREACHABLE_CODE = YES;
				CLANG_WARN__DUPLICATE_METHOD_MATCH = YES;
				COPY_PHASE_STRIP = NO;
				DEBUG_INFORMATION_FORMAT = dwarf;
				ENABLE_STRICT_OBJC_MSGSEND = YES;
				ENABLE_TESTABILITY = YES;
				ENABLE_USER_SCRIPT_SANDBOXING = YES;
				GCC_C_LANGUAGE_STANDARD = gnu17;
				GCC_DYNAMIC_NO_PIC = NO;
				GCC_NO_COMMON_BLOCKS = YES;
				GCC_OPTIMIZATION_LEVEL = 0;
				GCC_PREPROCESSOR_DEFINITIONS = (
					"DEBUG=1",
					"$(inherited)",
				);
				GCC_WARN_64_TO_32_BIT_CONVERSION = YES;
				GCC_WARN_ABOUT_RETURN_TYPE = YES_ERROR;
				GCC_WARN_UNDECLARED_SELECTOR = YES;
				GCC_WARN_UNINITIALIZED_AUTOS = YES_AGGRESSIVE;
				GCC_WARN_UNUSED_FUNCTION = YES;
				GCC_WARN_UNUSED_VARIABLE = YES;
				IPHONEOS_DEPLOYMENT_TARGET = 17.5;
				LOCALIZATION_PREFERS_STRING_CATALOGS = YES;
				MTL_ENABLE_DEBUG_INFO = INCLUDE_SOURCE;
				MTL_FAST_MATH = YES;
				ONLY_ACTIVE_ARCH = YES;
				SDKROOT = iphoneos;
				SWIFT_ACTIVE_COMPILATION_CONDITIONS = "DEBUG $(inherited)";
				SWIFT_OPTIMIZATION_LEVEL = "-Onone";
			};
			name = Debug;
		};
		4A08E2512C15F643004DF2E8 /* Release */ = {
			isa = XCBuildConfiguration;
			buildSettings = {
				ALWAYS_SEARCH_USER_PATHS = NO;
				ASSETCATALOG_COMPILER_GENERATE_SWIFT_ASSET_SYMBOL_EXTENSIONS = YES;
				CLANG_ANALYZER_NONNULL = YES;
				CLANG_ANALYZER_NUMBER_OBJECT_CONVERSION = YES_AGGRESSIVE;
				CLANG_CXX_LANGUAGE_STANDARD = "gnu++20";
				CLANG_ENABLE_MODULES = YES;
				CLANG_ENABLE_OBJC_ARC = YES;
				CLANG_ENABLE_OBJC_WEAK = YES;
				CLANG_WARN_BLOCK_CAPTURE_AUTORELEASING = YES;
				CLANG_WARN_BOOL_CONVERSION = YES;
				CLANG_WARN_COMMA = YES;
				CLANG_WARN_CONSTANT_CONVERSION = YES;
				CLANG_WARN_DEPRECATED_OBJC_IMPLEMENTATIONS = YES;
				CLANG_WARN_DIRECT_OBJC_ISA_USAGE = YES_ERROR;
				CLANG_WARN_DOCUMENTATION_COMMENTS = YES;
				CLANG_WARN_EMPTY_BODY = YES;
				CLANG_WARN_ENUM_CONVERSION = YES;
				CLANG_WARN_INFINITE_RECURSION = YES;
				CLANG_WARN_INT_CONVERSION = YES;
				CLANG_WARN_NON_LITERAL_NULL_CONVERSION = YES;
				CLANG_WARN_OBJC_IMPLICIT_RETAIN_SELF = YES;
				CLANG_WARN_OBJC_LITERAL_CONVERSION = YES;
				CLANG_WARN_OBJC_ROOT_CLASS = YES_ERROR;
				CLANG_WARN_QUOTED_INCLUDE_IN_FRAMEWORK_HEADER = YES;
				CLANG_WARN_RANGE_LOOP_ANALYSIS = YES;
				CLANG_WARN_STRICT_PROTOTYPES = YES;
				CLANG_WARN_SUSPICIOUS_MOVE = YES;
				CLANG_WARN_UNGUARDED_AVAILABILITY = YES_AGGRESSIVE;
				CLANG_WARN_UNREACHABLE_CODE = YES;
				CLANG_WARN__DUPLICATE_METHOD_MATCH = YES;
				COPY_PHASE_STRIP = NO;
				DEBUG_INFORMATION_FORMAT = "dwarf-with-dsym";
				ENABLE_NS_ASSERTIONS = NO;
				ENABLE_STRICT_OBJC_MSGSEND = YES;
				ENABLE_USER_SCRIPT_SANDBOXING = YES;
				GCC_C_LANGUAGE_STANDARD = gnu17;
				GCC_NO_COMMON_BLOCKS = YES;
				GCC_WARN_64_TO_32_BIT_CONVERSION = YES;
				GCC_WARN_ABOUT_RETURN_TYPE = YES_ERROR;
				GCC_WARN_UNDECLARED_SELECTOR = YES;
				GCC_WARN_UNINITIALIZED_AUTOS = YES_AGGRESSIVE;
				GCC_WARN_UNUSED_FUNCTION = YES;
				GCC_WARN_UNUSED_VARIABLE = YES;
				IPHONEOS_DEPLOYMENT_TARGET = 17.5;
				LOCALIZATION_PREFERS_STRING_CATALOGS = YES;
				MTL_ENABLE_DEBUG_INFO = NO;
				MTL_FAST_MATH = YES;
				SDKROOT = iphoneos;
				SWIFT_COMPILATION_MODE = wholemodule;
				VALIDATE_PRODUCT = YES;
			};
			name = Release;
		};
		4A08E2532C15F643004DF2E8 /* Debug */ = {
			isa = XCBuildConfiguration;
			buildSettings = {
				ASSETCATALOG_COMPILER_APPICON_NAME = AppIcon;
				ASSETCATALOG_COMPILER_GLOBAL_ACCENT_COLOR_NAME = AccentColor;
				CODE_SIGN_STYLE = Automatic;
				CURRENT_PROJECT_VERSION = 1;
				DEVELOPMENT_TEAM = 7764P59CNX;
				GENERATE_INFOPLIST_FILE = YES;
				INFOPLIST_FILE = RickAndMorty/Info.plist;
				INFOPLIST_KEY_UIApplicationSupportsIndirectInputEvents = YES;
				INFOPLIST_KEY_UILaunchStoryboardName = LaunchScreen;
				INFOPLIST_KEY_UISupportedInterfaceOrientations_iPad = "UIInterfaceOrientationPortrait UIInterfaceOrientationPortraitUpsideDown UIInterfaceOrientationLandscapeLeft UIInterfaceOrientationLandscapeRight";
				INFOPLIST_KEY_UISupportedInterfaceOrientations_iPhone = "UIInterfaceOrientationPortrait UIInterfaceOrientationLandscapeLeft UIInterfaceOrientationLandscapeRight";
				LD_RUNPATH_SEARCH_PATHS = (
					"$(inherited)",
					"@executable_path/Frameworks",
				);
				MARKETING_VERSION = 1.0;
				PRODUCT_BUNDLE_IDENTIFIER = enestekin.RickAndMorty;
				PRODUCT_NAME = "$(TARGET_NAME)";
				SWIFT_EMIT_LOC_STRINGS = YES;
				SWIFT_VERSION = 5.0;
				TARGETED_DEVICE_FAMILY = "1,2";
			};
			name = Debug;
		};
		4A08E2542C15F643004DF2E8 /* Release */ = {
			isa = XCBuildConfiguration;
			buildSettings = {
				ASSETCATALOG_COMPILER_APPICON_NAME = AppIcon;
				ASSETCATALOG_COMPILER_GLOBAL_ACCENT_COLOR_NAME = AccentColor;
				CODE_SIGN_STYLE = Automatic;
				CURRENT_PROJECT_VERSION = 1;
				DEVELOPMENT_TEAM = 7764P59CNX;
				GENERATE_INFOPLIST_FILE = YES;
				INFOPLIST_FILE = RickAndMorty/Info.plist;
				INFOPLIST_KEY_UIApplicationSupportsIndirectInputEvents = YES;
				INFOPLIST_KEY_UILaunchStoryboardName = LaunchScreen;
				INFOPLIST_KEY_UISupportedInterfaceOrientations_iPad = "UIInterfaceOrientationPortrait UIInterfaceOrientationPortraitUpsideDown UIInterfaceOrientationLandscapeLeft UIInterfaceOrientationLandscapeRight";
				INFOPLIST_KEY_UISupportedInterfaceOrientations_iPhone = "UIInterfaceOrientationPortrait UIInterfaceOrientationLandscapeLeft UIInterfaceOrientationLandscapeRight";
				LD_RUNPATH_SEARCH_PATHS = (
					"$(inherited)",
					"@executable_path/Frameworks",
				);
				MARKETING_VERSION = 1.0;
				PRODUCT_BUNDLE_IDENTIFIER = enestekin.RickAndMorty;
				PRODUCT_NAME = "$(TARGET_NAME)";
				SWIFT_EMIT_LOC_STRINGS = YES;
				SWIFT_VERSION = 5.0;
				TARGETED_DEVICE_FAMILY = "1,2";
			};
			name = Release;
		};
/* End XCBuildConfiguration section */

/* Begin XCConfigurationList section */
		4A08E2392C15F641004DF2E8 /* Build configuration list for PBXProject "RickAndMorty" */ = {
			isa = XCConfigurationList;
			buildConfigurations = (
				4A08E2502C15F643004DF2E8 /* Debug */,
				4A08E2512C15F643004DF2E8 /* Release */,
			);
			defaultConfigurationIsVisible = 0;
			defaultConfigurationName = Release;
		};
		4A08E2522C15F643004DF2E8 /* Build configuration list for PBXNativeTarget "RickAndMorty" */ = {
			isa = XCConfigurationList;
			buildConfigurations = (
				4A08E2532C15F643004DF2E8 /* Debug */,
				4A08E2542C15F643004DF2E8 /* Release */,
			);
			defaultConfigurationIsVisible = 0;
			defaultConfigurationName = Release;
		};
/* End XCConfigurationList section */
	};
	rootObject = 4A08E2362C15F641004DF2E8 /* Project object */;
}
